
Microsoft Visual Studio Solution File, Format Version 12.00
# Visual Studio Version 17
VisualStudioVersion = 17.5.33530.505
MinimumVisualStudioVersion = 10.0.40219.1
Project("{9A19103F-16F7-4668-BE54-9A1E7A4F7556}") = "Mini.Projeto", "Mini.Projeto.csproj", "{9CFD952B-7B4C-4DA1-B947-42E8698F2083}"
EndProject
Project("{2150E333-8FDC-42A3-9474-1A3956D46DE8}") = "Solution Items", "Solution Items", "{3F9F1E3C-A53C-49F7-AF09-C5F49FF2378F}"
	ProjectSection(SolutionItems) = preProject
		.editorconfig = .editorconfig
	EndProjectSection
EndProject
Global
	GlobalSection(SolutionConfigurationPlatforms) = preSolution
		Debug|Any CPU = Debug|Any CPU
		Release|Any CPU = Release|Any CPU
	EndGlobalSection
	GlobalSection(ProjectConfigurationPlatforms) = postSolution
		{9CFD952B-7B4C-4DA1-B947-42E8698F2083}.Debug|Any CPU.ActiveCfg = Debug|Any CPU
		{9CFD952B-7B4C-4DA1-B947-42E8698F2083}.Debug|Any CPU.Build.0 = Debug|Any CPU
		{9CFD952B-7B4C-4DA1-B947-42E8698F2083}.Release|Any CPU.ActiveCfg = Release|Any CPU
		{9CFD952B-7B4C-4DA1-B947-42E8698F2083}.Release|Any CPU.Build.0 = Release|Any CPU
	EndGlobalSection
	GlobalSection(SolutionProperties) = preSolution
		HideSolutionNode = FALSE
	EndGlobalSection
	GlobalSection(ExtensibilityGlobals) = postSolution
		SolutionGuid = {3AE5372C-3011-46B1-AAED-2D06A41A416F}
	EndGlobalSection
EndGlobal
